
Microsoft Visual Studio Solution File, Format Version 12.00
# Visual Studio 15
VisualStudioVersion = 15.0.28307.645
MinimumVisualStudioVersion = 10.0.40219.1
Project("{FAE04EC0-301F-11D3-BF4B-00C04F79EFBC}") = "TestProjectCICD", "TestProjectCICD\TestProjectCICD.csproj", "{87030ED3-E88F-4732-9C4A-9DF530E4B1BC}"
EndProject
Global
	GlobalSection(SolutionConfigurationPlatforms) = preSolution
		Debug|Any CPU = Debug|Any CPU
		Release|Any CPU = Release|Any CPU
	EndGlobalSection
	GlobalSection(ProjectConfigurationPlatforms) = postSolution
		{87030ED3-E88F-4732-9C4A-9DF530E4B1BC}.Debug|Any CPU.ActiveCfg = Debug|Any CPU
		{87030ED3-E88F-4732-9C4A-9DF530E4B1BC}.Debug|Any CPU.Build.0 = Debug|Any CPU
		{87030ED3-E88F-4732-9C4A-9DF530E4B1BC}.Release|Any CPU.ActiveCfg = Release|Any CPU
		{87030ED3-E88F-4732-9C4A-9DF530E4B1BC}.Release|Any CPU.Build.0 = Release|Any CPU
	EndGlobalSection
	GlobalSection(SolutionProperties) = preSolution
		HideSolutionNode = FALSE
	EndGlobalSection
	GlobalSection(ExtensibilityGlobals) = postSolution
		SolutionGuid = {F5D38811-7E22-4375-9599-E0BC6CC40021}
	EndGlobalSection
EndGlobal
